
Microsoft Visual Studio Solution File, Format Version 12.00
# Visual Studio 15
VisualStudioVersion = 15.0.27428.2015
MinimumVisualStudioVersion = 10.0.40219.1
Project("{FAE04EC0-301F-11D3-BF4B-00C04F79EFBC}") = "VulnXML2Nessus", "VulnXML2RBA\VulnXML2Nessus.csproj", "{C8901D92-CA9B-4137-9E4F-819C7EA967F2}"
EndProject
Global
	GlobalSection(SolutionConfigurationPlatforms) = preSolution
		Debug|Any CPU = Debug|Any CPU
		Release|Any CPU = Release|Any CPU
	EndGlobalSection
	GlobalSection(ProjectConfigurationPlatforms) = postSolution
		{C8901D92-CA9B-4137-9E4F-819C7EA967F2}.Debug|Any CPU.ActiveCfg = Debug|Any CPU
		{C8901D92-CA9B-4137-9E4F-819C7EA967F2}.Debug|Any CPU.Build.0 = Debug|Any CPU
		{C8901D92-CA9B-4137-9E4F-819C7EA967F2}.Release|Any CPU.ActiveCfg = Release|Any CPU
		{C8901D92-CA9B-4137-9E4F-819C7EA967F2}.Release|Any CPU.Build.0 = Release|Any CPU
	EndGlobalSection
	GlobalSection(SolutionProperties) = preSolution
		HideSolutionNode = FALSE
	EndGlobalSection
	GlobalSection(ExtensibilityGlobals) = postSolution
		SolutionGuid = {AA64ACB6-8452-4294-AC7F-075AE1DED443}
	EndGlobalSection
EndGlobal
